
Microsoft Visual Studio Solution File, Format Version 12.00
# Visual Studio 15
VisualStudioVersion = 15.0.28307.271
MinimumVisualStudioVersion = 10.0.40219.1
Project("{8BC9CEB8-8B4A-11D0-8D11-00A0C91BC942}") = "hw1p2", "hw1p2\hw1p2.vcxproj", "{2EA53623-ADB8-42DF-8202-4677F53D2A7C}"
EndProject
Global
	GlobalSection(SolutionConfigurationPlatforms) = preSolution
		Debug|x64 = Debug|x64
		Debug|x86 = Debug|x86
		Release|x64 = Release|x64
		Release|x86 = Release|x86
	EndGlobalSection
	GlobalSection(ProjectConfigurationPlatforms) = postSolution
		{2EA53623-ADB8-42DF-8202-4677F53D2A7C}.Debug|x64.ActiveCfg = Debug|x64
		{2EA53623-ADB8-42DF-8202-4677F53D2A7C}.Debug|x64.Build.0 = Debug|x64
		{2EA53623-ADB8-42DF-8202-4677F53D2A7C}.Debug|x86.ActiveCfg = Debug|Win32
		{2EA53623-ADB8-42DF-8202-4677F53D2A7C}.Debug|x86.Build.0 = Debug|Win32
		{2EA53623-ADB8-42DF-8202-4677F53D2A7C}.Release|x64.ActiveCfg = Release|x64
		{2EA53623-ADB8-42DF-8202-4677F53D2A7C}.Release|x64.Build.0 = Release|x64
		{2EA53623-ADB8-42DF-8202-4677F53D2A7C}.Release|x86.ActiveCfg = Release|Win32
		{2EA53623-ADB8-42DF-8202-4677F53D2A7C}.Release|x86.Build.0 = Release|Win32
	EndGlobalSection
	GlobalSection(SolutionProperties) = preSolution
		HideSolutionNode = FALSE
	EndGlobalSection
	GlobalSection(ExtensibilityGlobals) = postSolution
		SolutionGuid = {EAC620D7-6123-44D5-B7E8-0A0D5FF597DA}
	EndGlobalSection
EndGlobal
